
Microsoft Visual Studio Solution File, Format Version 12.00
# Visual Studio Version 16
VisualStudioVersion = 16.0.30011.22
MinimumVisualStudioVersion = 10.0.40219.1
Project("{FAE04EC0-301F-11D3-BF4B-00C04F79EFBC}") = "ANEKDOT", "ANEKDOT\ANEKDOT.csproj", "{D7364523-A935-447A-A576-E8DAF16F8108}"
EndProject
Global
	GlobalSection(SolutionConfigurationPlatforms) = preSolution
		Debug|Any CPU = Debug|Any CPU
		Release|Any CPU = Release|Any CPU
	EndGlobalSection
	GlobalSection(ProjectConfigurationPlatforms) = postSolution
		{D7364523-A935-447A-A576-E8DAF16F8108}.Debug|Any CPU.ActiveCfg = Debug|Any CPU
		{D7364523-A935-447A-A576-E8DAF16F8108}.Debug|Any CPU.Build.0 = Debug|Any CPU
		{D7364523-A935-447A-A576-E8DAF16F8108}.Release|Any CPU.ActiveCfg = Release|Any CPU
		{D7364523-A935-447A-A576-E8DAF16F8108}.Release|Any CPU.Build.0 = Release|Any CPU
	EndGlobalSection
	GlobalSection(SolutionProperties) = preSolution
		HideSolutionNode = FALSE
	EndGlobalSection
	GlobalSection(ExtensibilityGlobals) = postSolution
		SolutionGuid = {314052B8-8687-4736-8916-F99A097AE6EE}
	EndGlobalSection
EndGlobal
